
Microsoft Visual Studio Solution File, Format Version 12.00
# Visual Studio 14
VisualStudioVersion = 14.0.25420.1
MinimumVisualStudioVersion = 10.0.40219.1
Project("{FAE04EC0-301F-11D3-BF4B-00C04F79EFBC}") = "RabbitSubscribe", "RabbitSubscribe.csproj", "{C9268E05-9A17-4889-A47D-ECB06CB8FBD4}"
EndProject
Project("{FAE04EC0-301F-11D3-BF4B-00C04F79EFBC}") = "RabbitPublish", "RabbitPublish\RabbitPublish.csproj", "{ACD12E68-4491-4335-ADEC-9643FFE9C0C1}"
EndProject
Project("{FAE04EC0-301F-11D3-BF4B-00C04F79EFBC}") = "Messages", "Messages\Messages.csproj", "{92D1B12D-938A-4CAD-96AD-64106008A883}"
EndProject
Project("{FAE04EC0-301F-11D3-BF4B-00C04F79EFBC}") = "Common", "Common\Common.csproj", "{5F8F2BE9-46C7-4FE5-8F7E-FCD4B1CBDFC8}"
EndProject
Global
	GlobalSection(SolutionConfigurationPlatforms) = preSolution
		Debug|Any CPU = Debug|Any CPU
		Release|Any CPU = Release|Any CPU
	EndGlobalSection
	GlobalSection(ProjectConfigurationPlatforms) = postSolution
		{C9268E05-9A17-4889-A47D-ECB06CB8FBD4}.Debug|Any CPU.ActiveCfg = Debug|Any CPU
		{C9268E05-9A17-4889-A47D-ECB06CB8FBD4}.Debug|Any CPU.Build.0 = Debug|Any CPU
		{C9268E05-9A17-4889-A47D-ECB06CB8FBD4}.Release|Any CPU.ActiveCfg = Release|Any CPU
		{C9268E05-9A17-4889-A47D-ECB06CB8FBD4}.Release|Any CPU.Build.0 = Release|Any CPU
		{ACD12E68-4491-4335-ADEC-9643FFE9C0C1}.Debug|Any CPU.ActiveCfg = Debug|Any CPU
		{ACD12E68-4491-4335-ADEC-9643FFE9C0C1}.Debug|Any CPU.Build.0 = Debug|Any CPU
		{ACD12E68-4491-4335-ADEC-9643FFE9C0C1}.Release|Any CPU.ActiveCfg = Release|Any CPU
		{ACD12E68-4491-4335-ADEC-9643FFE9C0C1}.Release|Any CPU.Build.0 = Release|Any CPU
		{92D1B12D-938A-4CAD-96AD-64106008A883}.Debug|Any CPU.ActiveCfg = Debug|Any CPU
		{92D1B12D-938A-4CAD-96AD-64106008A883}.Debug|Any CPU.Build.0 = Debug|Any CPU
		{92D1B12D-938A-4CAD-96AD-64106008A883}.Release|Any CPU.ActiveCfg = Release|Any CPU
		{92D1B12D-938A-4CAD-96AD-64106008A883}.Release|Any CPU.Build.0 = Release|Any CPU
		{5F8F2BE9-46C7-4FE5-8F7E-FCD4B1CBDFC8}.Debug|Any CPU.ActiveCfg = Debug|Any CPU
		{5F8F2BE9-46C7-4FE5-8F7E-FCD4B1CBDFC8}.Debug|Any CPU.Build.0 = Debug|Any CPU
		{5F8F2BE9-46C7-4FE5-8F7E-FCD4B1CBDFC8}.Release|Any CPU.ActiveCfg = Release|Any CPU
		{5F8F2BE9-46C7-4FE5-8F7E-FCD4B1CBDFC8}.Release|Any CPU.Build.0 = Release|Any CPU
	EndGlobalSection
	GlobalSection(SolutionProperties) = preSolution
		HideSolutionNode = FALSE
	EndGlobalSection
EndGlobal
